Microsoft Visual Studio Solution File, Format Version 11.00
# Visual Studio 2008

Project("{4ABDBE77-78A4-CE85-5244-144201A8D53A}") = "PixelArcher", "Assembly-CSharp-firstpass.csproj", "{FEFBD879-5148-9755-0FAC-24E520E453D0}"
EndProject
Project("{4ABDBE77-78A4-CE85-5244-144201A8D53A}") = "PixelArcher", "Assembly-CSharp.csproj", "{D747A3FB-0047-311F-9CD0-E7AE2CDD8041}"
EndProject
Project("{4ABDBE77-78A4-CE85-5244-144201A8D53A}") = "PixelArcher", "Assembly-CSharp-Editor.csproj", "{6B6B3385-81BF-820D-06FF-DF097D1B5A46}"
EndProject
Global
	GlobalSection(SolutionConfigurationPlatforms) = preSolution
		Debug|Any CPU = Debug|Any CPU
		Release|Any CPU = Release|Any CPU
	EndGlobalSection
	GlobalSection(ProjectConfigurationPlatforms) = postSolution
		{FEFBD879-5148-9755-0FAC-24E520E453D0}.Debug|Any CPU.ActiveCfg = Debug|Any CPU
		{FEFBD879-5148-9755-0FAC-24E520E453D0}.Debug|Any CPU.Build.0 = Debug|Any CPU
		{FEFBD879-5148-9755-0FAC-24E520E453D0}.Release|Any CPU.ActiveCfg = Release|Any CPU
		{FEFBD879-5148-9755-0FAC-24E520E453D0}.Release|Any CPU.Build.0 = Release|Any CPU
		{D747A3FB-0047-311F-9CD0-E7AE2CDD8041}.Debug|Any CPU.ActiveCfg = Debug|Any CPU
		{D747A3FB-0047-311F-9CD0-E7AE2CDD8041}.Debug|Any CPU.Build.0 = Debug|Any CPU
		{D747A3FB-0047-311F-9CD0-E7AE2CDD8041}.Release|Any CPU.ActiveCfg = Release|Any CPU
		{D747A3FB-0047-311F-9CD0-E7AE2CDD8041}.Release|Any CPU.Build.0 = Release|Any CPU
		{6B6B3385-81BF-820D-06FF-DF097D1B5A46}.Debug|Any CPU.ActiveCfg = Debug|Any CPU
		{6B6B3385-81BF-820D-06FF-DF097D1B5A46}.Debug|Any CPU.Build.0 = Debug|Any CPU
		{6B6B3385-81BF-820D-06FF-DF097D1B5A46}.Release|Any CPU.ActiveCfg = Release|Any CPU
		{6B6B3385-81BF-820D-06FF-DF097D1B5A46}.Release|Any CPU.Build.0 = Release|Any CPU
	EndGlobalSection
	GlobalSection(SolutionProperties) = preSolution
		HideSolutionNode = FALSE
	EndGlobalSection
																																																				GlobalSection(MonoDevelopProperties) = preSolution
		StartupItem = Assembly-CSharp.csproj
		Policies = $0
		$0.TextStylePolicy = $1
		$1.inheritsSet = null
		$1.scope = text/x-csharp
		$0.CSharpFormattingPolicy = $2
		$2.inheritsSet = Mono
		$2.inheritsScope = text/x-csharp
		$2.scope = text/x-csharp
		$0.TextStylePolicy = $3
		$3.FileWidth = 120
		$3.TabWidth = 4
		$3.IndentWidth = 4
		$3.EolMarker = Unix
		$3.inheritsSet = Mono
		$3.inheritsScope = text/plain
		$3.scope = text/plain
	EndGlobalSection

EndGlobal
